
Microsoft Visual Studio Solution File, Format Version 12.00
# Visual Studio 15
VisualStudioVersion = 15.0.28010.2003
MinimumVisualStudioVersion = 10.0.40219.1
Project("{8BC9CEB8-8B4A-11D0-8D11-00A0C91BC942}") = "Main", "Main\Main.vcxproj", "{03659F95-2A48-4D80-8008-A7B06C865C8D}"
EndProject
Project("{8BC9CEB8-8B4A-11D0-8D11-00A0C91BC942}") = "Testgame", "Testgame\Testgame.vcxproj", "{1E9998E4-30B3-4B24-AFDA-F8E8CB573B93}"
EndProject
Global
	GlobalSection(SolutionConfigurationPlatforms) = preSolution
		Debug|x64 = Debug|x64
		Debug|x86 = Debug|x86
		Release|x64 = Release|x64
		Release|x86 = Release|x86
	EndGlobalSection
	GlobalSection(ProjectConfigurationPlatforms) = postSolution
		{03659F95-2A48-4D80-8008-A7B06C865C8D}.Debug|x64.ActiveCfg = Debug|x64
		{03659F95-2A48-4D80-8008-A7B06C865C8D}.Debug|x64.Build.0 = Debug|x64
		{03659F95-2A48-4D80-8008-A7B06C865C8D}.Debug|x86.ActiveCfg = Debug|Win32
		{03659F95-2A48-4D80-8008-A7B06C865C8D}.Debug|x86.Build.0 = Debug|Win32
		{03659F95-2A48-4D80-8008-A7B06C865C8D}.Release|x64.ActiveCfg = Release|x64
		{03659F95-2A48-4D80-8008-A7B06C865C8D}.Release|x64.Build.0 = Release|x64
		{03659F95-2A48-4D80-8008-A7B06C865C8D}.Release|x86.ActiveCfg = Release|Win32
		{03659F95-2A48-4D80-8008-A7B06C865C8D}.Release|x86.Build.0 = Release|Win32
		{1E9998E4-30B3-4B24-AFDA-F8E8CB573B93}.Debug|x64.ActiveCfg = Debug|x64
		{1E9998E4-30B3-4B24-AFDA-F8E8CB573B93}.Debug|x64.Build.0 = Debug|x64
		{1E9998E4-30B3-4B24-AFDA-F8E8CB573B93}.Debug|x86.ActiveCfg = Debug|Win32
		{1E9998E4-30B3-4B24-AFDA-F8E8CB573B93}.Debug|x86.Build.0 = Debug|Win32
		{1E9998E4-30B3-4B24-AFDA-F8E8CB573B93}.Release|x64.ActiveCfg = Release|x64
		{1E9998E4-30B3-4B24-AFDA-F8E8CB573B93}.Release|x64.Build.0 = Release|x64
		{1E9998E4-30B3-4B24-AFDA-F8E8CB573B93}.Release|x86.ActiveCfg = Release|Win32
		{1E9998E4-30B3-4B24-AFDA-F8E8CB573B93}.Release|x86.Build.0 = Release|Win32
	EndGlobalSection
	GlobalSection(SolutionProperties) = preSolution
		HideSolutionNode = FALSE
	EndGlobalSection
	GlobalSection(ExtensibilityGlobals) = postSolution
		SolutionGuid = {B7A85312-EA54-411E-A907-6F75E5887620}
	EndGlobalSection
EndGlobal
